
Microsoft Visual Studio Solution File, Format Version 12.00
# Visual Studio 14
VisualStudioVersion = 14.0.25420.1
MinimumVisualStudioVersion = 10.0.40219.1
Project("{FAE04EC0-301F-11D3-BF4B-00C04F79EFBC}") = "robotMath", "robotMath\robotMath.csproj", "{B604D318-95AF-45B2-BCBA-116B2CD862E5}"
EndProject
Project("{FAE04EC0-301F-11D3-BF4B-00C04F79EFBC}") = "robotMathTests", "robotMathTests\robotMathTests.csproj", "{5155153F-C90A-4196-8E65-D11B19681502}"
EndProject
Global
	GlobalSection(SolutionConfigurationPlatforms) = preSolution
		Debug|Any CPU = Debug|Any CPU
		Release|Any CPU = Release|Any CPU
	EndGlobalSection
	GlobalSection(ProjectConfigurationPlatforms) = postSolution
		{B604D318-95AF-45B2-BCBA-116B2CD862E5}.Debug|Any CPU.ActiveCfg = Debug|Any CPU
		{B604D318-95AF-45B2-BCBA-116B2CD862E5}.Debug|Any CPU.Build.0 = Debug|Any CPU
		{B604D318-95AF-45B2-BCBA-116B2CD862E5}.Release|Any CPU.ActiveCfg = Release|Any CPU
		{B604D318-95AF-45B2-BCBA-116B2CD862E5}.Release|Any CPU.Build.0 = Release|Any CPU
		{5155153F-C90A-4196-8E65-D11B19681502}.Debug|Any CPU.ActiveCfg = Debug|Any CPU
		{5155153F-C90A-4196-8E65-D11B19681502}.Debug|Any CPU.Build.0 = Debug|Any CPU
		{5155153F-C90A-4196-8E65-D11B19681502}.Release|Any CPU.ActiveCfg = Release|Any CPU
		{5155153F-C90A-4196-8E65-D11B19681502}.Release|Any CPU.Build.0 = Release|Any CPU
	EndGlobalSection
	GlobalSection(SolutionProperties) = preSolution
		HideSolutionNode = FALSE
	EndGlobalSection
EndGlobal
